
Microsoft Visual Studio Solution File, Format Version 12.00
# Visual Studio Version 17
VisualStudioVersion = 17.11.35222.181
MinimumVisualStudioVersion = 10.0.40219.1
Project("{FAE04EC0-301F-11D3-BF4B-00C04F79EFBC}") = "GraphSearchShortPath", "GraphSearchShortPath.csproj", "{0B3508BF-DCF6-4B93-A8B5-74172B10FEC9}"
EndProject
Global
	GlobalSection(SolutionConfigurationPlatforms) = preSolution
		Debug|Any CPU = Debug|Any CPU
		Release|Any CPU = Release|Any CPU
	EndGlobalSection
	GlobalSection(ProjectConfigurationPlatforms) = postSolution
		{0B3508BF-DCF6-4B93-A8B5-74172B10FEC9}.Debug|Any CPU.ActiveCfg = Debug|Any CPU
		{0B3508BF-DCF6-4B93-A8B5-74172B10FEC9}.Debug|Any CPU.Build.0 = Debug|Any CPU
		{0B3508BF-DCF6-4B93-A8B5-74172B10FEC9}.Release|Any CPU.ActiveCfg = Release|Any CPU
		{0B3508BF-DCF6-4B93-A8B5-74172B10FEC9}.Release|Any CPU.Build.0 = Release|Any CPU
	EndGlobalSection
	GlobalSection(SolutionProperties) = preSolution
		HideSolutionNode = FALSE
	EndGlobalSection
	GlobalSection(ExtensibilityGlobals) = postSolution
		SolutionGuid = {6DDDF44C-D120-4148-9A26-89FB12D5CC16}
	EndGlobalSection
EndGlobal
